
Microsoft Visual Studio Solution File, Format Version 12.00
# Visual Studio 14
VisualStudioVersion = 14.0.25420.1
MinimumVisualStudioVersion = 10.0.40219.1
Project("{FAE04EC0-301F-11D3-BF4B-00C04F79EFBC}") = "ExampleUdpClient", "ExampleUdpClient.csproj", "{384E192E-28DE-4BD2-800E-4CE07EBF43B7}"
EndProject
Project("{FAE04EC0-301F-11D3-BF4B-00C04F79EFBC}") = "ExampleUdpServer", "..\ExampleUdpServer\ExampleUdpServer.csproj", "{4EF5BA0E-278B-4005-9037-FED1A5F15B18}"
EndProject
Global
	GlobalSection(SolutionConfigurationPlatforms) = preSolution
		Debug|Any CPU = Debug|Any CPU
		Release|Any CPU = Release|Any CPU
	EndGlobalSection
	GlobalSection(ProjectConfigurationPlatforms) = postSolution
		{384E192E-28DE-4BD2-800E-4CE07EBF43B7}.Debug|Any CPU.ActiveCfg = Debug|Any CPU
		{384E192E-28DE-4BD2-800E-4CE07EBF43B7}.Debug|Any CPU.Build.0 = Debug|Any CPU
		{384E192E-28DE-4BD2-800E-4CE07EBF43B7}.Release|Any CPU.ActiveCfg = Release|Any CPU
		{384E192E-28DE-4BD2-800E-4CE07EBF43B7}.Release|Any CPU.Build.0 = Release|Any CPU
		{4EF5BA0E-278B-4005-9037-FED1A5F15B18}.Debug|Any CPU.ActiveCfg = Debug|Any CPU
		{4EF5BA0E-278B-4005-9037-FED1A5F15B18}.Debug|Any CPU.Build.0 = Debug|Any CPU
		{4EF5BA0E-278B-4005-9037-FED1A5F15B18}.Release|Any CPU.ActiveCfg = Release|Any CPU
		{4EF5BA0E-278B-4005-9037-FED1A5F15B18}.Release|Any CPU.Build.0 = Release|Any CPU
	EndGlobalSection
	GlobalSection(SolutionProperties) = preSolution
		HideSolutionNode = FALSE
	EndGlobalSection
EndGlobal
