
Microsoft Visual Studio Solution File, Format Version 12.00
# Visual Studio 14
VisualStudioVersion = 14.0.25420.1
MinimumVisualStudioVersion = 10.0.40219.1
Project("{FAE04EC0-301F-11D3-BF4B-00C04F79EFBC}") = "BrickBreaker", "BrickBreaker\BrickBreaker.csproj", "{40B5BAD4-0234-4D45-AFF6-0A54D2D9793F}"
EndProject
Global
	GlobalSection(SolutionConfigurationPlatforms) = preSolution
		Debug|Any CPU = Debug|Any CPU
		Release|Any CPU = Release|Any CPU
	EndGlobalSection
	GlobalSection(ProjectConfigurationPlatforms) = postSolution
		{40B5BAD4-0234-4D45-AFF6-0A54D2D9793F}.Debug|Any CPU.ActiveCfg = Debug|Any CPU
		{40B5BAD4-0234-4D45-AFF6-0A54D2D9793F}.Debug|Any CPU.Build.0 = Debug|Any CPU
		{40B5BAD4-0234-4D45-AFF6-0A54D2D9793F}.Release|Any CPU.ActiveCfg = Release|Any CPU
		{40B5BAD4-0234-4D45-AFF6-0A54D2D9793F}.Release|Any CPU.Build.0 = Release|Any CPU
	EndGlobalSection
	GlobalSection(SolutionProperties) = preSolution
		HideSolutionNode = FALSE
	EndGlobalSection
EndGlobal
